
Microsoft Visual Studio Solution File, Format Version 11.00
# Visual Studio 2010
Project("{8BC9CEB8-8B4A-11D0-8D11-00A0C91BC942}") = "calc_bkgd", "bkgd\bkgd.vcxproj", "{F14B1070-34BF-48A4-B006-97EE953C5F7B}"
EndProject
Project("{8BC9CEB8-8B4A-11D0-8D11-00A0C91BC942}") = "combine_bkgd", "combine_bkgd\combine_bkgd.vcxproj", "{3E2EA343-1804-42D1-B01D-945AA53B2838}"
EndProject
Project("{8BC9CEB8-8B4A-11D0-8D11-00A0C91BC942}") = "BSmap", "BSmap\BSmap.vcxproj", "{A00C1BC8-879D-432A-8622-A3501C449607}"
EndProject
Global
	GlobalSection(SolutionConfigurationPlatforms) = preSolution
		Debug|Win32 = Debug|Win32
		Release|Win32 = Release|Win32
	EndGlobalSection
	GlobalSection(ProjectConfigurationPlatforms) = postSolution
		{F14B1070-34BF-48A4-B006-97EE953C5F7B}.Debug|Win32.ActiveCfg = Debug|Win32
		{F14B1070-34BF-48A4-B006-97EE953C5F7B}.Debug|Win32.Build.0 = Debug|Win32
		{F14B1070-34BF-48A4-B006-97EE953C5F7B}.Release|Win32.ActiveCfg = Release|Win32
		{F14B1070-34BF-48A4-B006-97EE953C5F7B}.Release|Win32.Build.0 = Release|Win32
		{3E2EA343-1804-42D1-B01D-945AA53B2838}.Debug|Win32.ActiveCfg = Debug|Win32
		{3E2EA343-1804-42D1-B01D-945AA53B2838}.Debug|Win32.Build.0 = Debug|Win32
		{3E2EA343-1804-42D1-B01D-945AA53B2838}.Release|Win32.ActiveCfg = Release|Win32
		{3E2EA343-1804-42D1-B01D-945AA53B2838}.Release|Win32.Build.0 = Release|Win32
		{A00C1BC8-879D-432A-8622-A3501C449607}.Debug|Win32.ActiveCfg = Debug|Win32
		{A00C1BC8-879D-432A-8622-A3501C449607}.Debug|Win32.Build.0 = Debug|Win32
		{A00C1BC8-879D-432A-8622-A3501C449607}.Release|Win32.ActiveCfg = Release|Win32
		{A00C1BC8-879D-432A-8622-A3501C449607}.Release|Win32.Build.0 = Release|Win32
	EndGlobalSection
	GlobalSection(SolutionProperties) = preSolution
		HideSolutionNode = FALSE
	EndGlobalSection
EndGlobal
